
Microsoft Visual Studio Solution File, Format Version 12.00
# Visual Studio Version 16
VisualStudioVersion = 16.0.33529.622
MinimumVisualStudioVersion = 10.0.40219.1
Project("{FAE04EC0-301F-11D3-BF4B-00C04F79EFBC}") = "MyTime", "MyTime\MyTime.csproj", "{CFAD376E-4D25-4CEE-A67A-EBD327952EE5}"
EndProject
Global
	GlobalSection(SolutionConfigurationPlatforms) = preSolution
		Debug|Any CPU = Debug|Any CPU
		Release|Any CPU = Release|Any CPU
	EndGlobalSection
	GlobalSection(ProjectConfigurationPlatforms) = postSolution
		{CFAD376E-4D25-4CEE-A67A-EBD327952EE5}.Debug|Any CPU.ActiveCfg = Debug|Any CPU
		{CFAD376E-4D25-4CEE-A67A-EBD327952EE5}.Debug|Any CPU.Build.0 = Debug|Any CPU
		{CFAD376E-4D25-4CEE-A67A-EBD327952EE5}.Release|Any CPU.ActiveCfg = Release|Any CPU
		{CFAD376E-4D25-4CEE-A67A-EBD327952EE5}.Release|Any CPU.Build.0 = Release|Any CPU
	EndGlobalSection
	GlobalSection(SolutionProperties) = preSolution
		HideSolutionNode = FALSE
	EndGlobalSection
	GlobalSection(ExtensibilityGlobals) = postSolution
		SolutionGuid = {A4862D4F-8533-474C-80D7-2EFF5EF8A100}
	EndGlobalSection
EndGlobal
